// !$*UTF8*$!
{
	archiveVersion = 1;
	classes = {
	};
	objectVersion = 50;
	objects = {

/* Begin PBXBuildFile section */
		04100686243E09EE006898DF /* QuestionData.swift in Sources */ = {isa = PBXBuildFile; fileRef = 04100685243E09EE006898DF /* QuestionData.swift */; };
		042732CB2430AB2700896EFF /* AppDelegate.swift in Sources */ = {isa = PBXBuildFile; fileRef = 042732CA2430AB2700896EFF /* AppDelegate.swift */; };
		042732CD2430AB2700896EFF /* SceneDelegate.swift in Sources */ = {isa = PBXBuildFile; fileRef = 042732CC2430AB2700896EFF /* SceneDelegate.swift */; };
		042732D22430AB2700896EFF /* Main.storyboard in Resources */ = {isa = PBXBuildFile; fileRef = 042732D02430AB2700896EFF /* Main.storyboard */; };
		042732D42430AB2900896EFF /* Assets.xcassets in Resources */ = {isa = PBXBuildFile; fileRef = 042732D32430AB2900896EFF /* Assets.xcassets */; };
		042732D72430AB2900896EFF /* LaunchScreen.storyboard in Resources */ = {isa = PBXBuildFile; fileRef = 042732D52430AB2900896EFF /* LaunchScreen.storyboard */; };
		042732DF2430ABA800896EFF /* AnsweredTableViewController.swift in Sources */ = {isa = PBXBuildFile; fileRef = 042732DE2430ABA800896EFF /* AnsweredTableViewController.swift */; };
		042732E22430ABDE00896EFF /* TableViewCell.swift in Sources */ = {isa = PBXBuildFile; fileRef = 042732E02430ABDE00896EFF /* TableViewCell.swift */; };
		042732E32430ABDE00896EFF /* TableViewCell.xib in Resources */ = {isa = PBXBuildFile; fileRef = 042732E12430ABDE00896EFF /* TableViewCell.xib */; };
		042732E52430B13000896EFF /* QuestionManager.swift in Sources */ = {isa = PBXBuildFile; fileRef = 042732E42430B13000896EFF /* QuestionManager.swift */; };
		042732E72430B20300896EFF /* QuestionModel.swift in Sources */ = {isa = PBXBuildFile; fileRef = 042732E62430B20300896EFF /* QuestionModel.swift */; };
		042732ED2431339600896EFF /* AskViewController.swift in Sources */ = {isa = PBXBuildFile; fileRef = 042732EC2431339600896EFF /* AskViewController.swift */; };
		042732F22431E0D100896EFF /* ATableViewCell.swift in Sources */ = {isa = PBXBuildFile; fileRef = 042732F02431E0D100896EFF /* ATableViewCell.swift */; };
		042732F32431E0D100896EFF /* ATableViewCell.xib in Resources */ = {isa = PBXBuildFile; fileRef = 042732F12431E0D100896EFF /* ATableViewCell.xib */; };
		042732F52431E8A900896EFF /* UTableViewController.swift in Sources */ = {isa = PBXBuildFile; fileRef = 042732F42431E8A900896EFF /* UTableViewController.swift */; };
		042732F72431F0D800896EFF /* AnswerViewController.swift in Sources */ = {isa = PBXBuildFile; fileRef = 042732F62431F0D800896EFF /* AnswerViewController.swift */; };
/* End PBXBuildFile section */

/* Begin PBXFileReference section */
		04100685243E09EE006898DF /* QuestionData.swift */ = {isa = PBXFileReference; lastKnownFileType = sourcecode.swift; path = QuestionData.swift; sourceTree = "<group>"; };
		042732C72430AB2600896EFF /* stackoverflowOnMinimals.app */ = {isa = PBXFileReference; explicitFileType = wrapper.application; includeInIndex = 0; path = stackoverflowOnMinimals.app; sourceTree = BUILT_PRODUCTS_DIR; };
		042732CA2430AB2700896EFF /* AppDelegate.swift */ = {isa = PBXFileReference; lastKnownFileType = sourcecode.swift; path = AppDelegate.swift; sourceTree = "<group>"; };
		042732CC2430AB2700896EFF /* SceneDelegate.swift */ = {isa = PBXFileReference; lastKnownFileType = sourcecode.swift; path = SceneDelegate.swift; sourceTree = "<group>"; };
		042732D12430AB2700896EFF /* Base */ = {isa = PBXFileReference; lastKnownFileType = file.storyboard; name = Base; path = Base.lproj/Main.storyboard; sourceTree = "<group>"; };
		042732D32430AB2900896EFF /* Assets.xcassets */ = {isa = PBXFileReference; lastKnownFileType = folder.assetcatalog; path = Assets.xcassets; sourceTree = "<group>"; };
		042732D62430AB2900896EFF /* Base */ = {isa = PBXFileReference; lastKnownFileType = file.storyboard; name = Base; path = Base.lproj/LaunchScreen.storyboard; sourceTree = "<group>"; };
		042732D82430AB2900896EFF /* Info.plist */ = {isa = PBXFileReference; lastKnownFileType = text.plist.xml; path = Info.plist; sourceTree = "<group>"; };
		042732DE2430ABA800896EFF /* AnsweredTableViewController.swift */ = {isa = PBXFileReference; lastKnownFileType = sourcecode.swift; path = AnsweredTableViewController.swift; sourceTree = "<group>"; };
		042732E02430ABDE00896EFF /* TableViewCell.swift */ = {isa = PBXFileReference; lastKnownFileType = sourcecode.swift; path = TableViewCell.swift; sourceTree = "<group>"; };
		042732E12430ABDE00896EFF /* TableViewCell.xib */ = {isa = PBXFileReference; lastKnownFileType = file.xib; path = TableViewCell.xib; sourceTree = "<group>"; };
		042732E42430B13000896EFF /* QuestionManager.swift */ = {isa = PBXFileReference; lastKnownFileType = sourcecode.swift; path = QuestionManager.swift; sourceTree = "<group>"; };
		042732E62430B20300896EFF /* QuestionModel.swift */ = {isa = PBXFileReference; lastKnownFileType = sourcecode.swift; path = QuestionModel.swift; sourceTree = "<group>"; };
		042732EC2431339600896EFF /* AskViewController.swift */ = {isa = PBXFileReference; lastKnownFileType = sourcecode.swift; path = AskViewController.swift; sourceTree = "<group>"; };
		042732F02431E0D100896EFF /* ATableViewCell.swift */ = {isa = PBXFileReference; lastKnownFileType = sourcecode.swift; path = ATableViewCell.swift; sourceTree = "<group>"; };
		042732F12431E0D100896EFF /* ATableViewCell.xib */ = {isa = PBXFileReference; lastKnownFileType = file.xib; path = ATableViewCell.xib; sourceTree = "<group>"; };
		042732F42431E8A900896EFF /* UTableViewController.swift */ = {isa = PBXFileReference; lastKnownFileType = sourcecode.swift; path = UTableViewController.swift; sourceTree = "<group>"; };
		042732F62431F0D800896EFF /* AnswerViewController.swift */ = {isa = PBXFileReference; lastKnownFileType = sourcecode.swift; path = AnswerViewController.swift; sourceTree = "<group>"; };
/* End PBXFileReference section */

/* Begin PBXFrameworksBuildPhase section */
		042732C42430AB2600896EFF /* Frameworks */ = {
			isa = PBXFrameworksBuildPhase;
			buildActionMask = 2147483647;
			files = (
			);
			runOnlyForDeploymentPostprocessing = 0;
		};
/* End PBXFrameworksBuildPhase section */

/* Begin PBXGroup section */
		042732BE2430AB2600896EFF = {
			isa = PBXGroup;
			children = (
				042732C92430AB2600896EFF /* stackoverflowOnMinimals */,
				042732C82430AB2600896EFF /* Products */,
			);
			sourceTree = "<group>";
		};
		042732C82430AB2600896EFF /* Products */ = {
			isa = PBXGroup;
			children = (
				042732C72430AB2600896EFF /* stackoverflowOnMinimals.app */,
			);
			name = Products;
			sourceTree = "<group>";
		};
		042732C92430AB2600896EFF /* stackoverflowOnMinimals */ = {
			isa = PBXGroup;
			children = (
				042732F82435E67000896EFF /* Model */,
				042732F92435E68700896EFF /* View */,
				042732FA2435E69600896EFF /* Controller */,
				042732CA2430AB2700896EFF /* AppDelegate.swift */,
				042732CC2430AB2700896EFF /* SceneDelegate.swift */,
				042732D02430AB2700896EFF /* Main.storyboard */,
				042732D32430AB2900896EFF /* Assets.xcassets */,
				042732D52430AB2900896EFF /* LaunchScreen.storyboard */,
				042732D82430AB2900896EFF /* Info.plist */,
			);
			path = stackoverflowOnMinimals;
			sourceTree = "<group>";
		};
		042732F82435E67000896EFF /* Model */ = {
			isa = PBXGroup;
			children = (
				042732E42430B13000896EFF /* QuestionManager.swift */,
				042732E62430B20300896EFF /* QuestionModel.swift */,
				04100685243E09EE006898DF /* QuestionData.swift */,
			);
			path = Model;
			sourceTree = "<group>";
		};
		042732F92435E68700896EFF /* View */ = {
			isa = PBXGroup;
			children = (
				042732F12431E0D100896EFF /* ATableViewCell.xib */,
				042732E12430ABDE00896EFF /* TableViewCell.xib */,
			);
			path = View;
			sourceTree = "<group>";
		};
		042732FA2435E69600896EFF /* Controller */ = {
			isa = PBXGroup;
			children = (
				042732F42431E8A900896EFF /* UTableViewController.swift */,
				042732F02431E0D100896EFF /* ATableViewCell.swift */,
				042732EC2431339600896EFF /* AskViewController.swift */,
				042732F62431F0D800896EFF /* AnswerViewController.swift */,
				042732DE2430ABA800896EFF /* AnsweredTableViewController.swift */,
				042732E02430ABDE00896EFF /* TableViewCell.swift */,
			);
			path = Controller;
			sourceTree = "<group>";
		};
/* End PBXGroup section */

/* Begin PBXNativeTarget section */
		042732C62430AB2600896EFF /* stackoverflowOnMinimals */ = {
			isa = PBXNativeTarget;
			buildConfigurationList = 042732DB2430AB2900896EFF /* Build configuration list for PBXNativeTarget "stackoverflowOnMinimals" */;
			buildPhases = (
				042732C32430AB2600896EFF /* Sources */,
				042732C42430AB2600896EFF /* Frameworks */,
				042732C52430AB2600896EFF /* Resources */,
			);
			buildRules = (
			);
			dependencies = (
			);
			name = stackoverflowOnMinimals;
			productName = stackoverflowOnMinimals;
			productReference = 042732C72430AB2600896EFF /* stackoverflowOnMinimals.app */;
			productType = "com.apple.product-type.application";
		};
/* End PBXNativeTarget section */

/* Begin PBXProject section */
		042732BF2430AB2600896EFF /* Project object */ = {
			isa = PBXProject;
			attributes = {
				LastSwiftUpdateCheck = 1120;
				LastUpgradeCheck = 1120;
				ORGANIZATIONNAME = Vladimir;
				TargetAttributes = {
					042732C62430AB2600896EFF = {
						CreatedOnToolsVersion = 11.2.1;
					};
				};
			};
			buildConfigurationList = 042732C22430AB2600896EFF /* Build configuration list for PBXProject "stackoverflowOnMinimals" */;
			compatibilityVersion = "Xcode 9.3";
			developmentRegion = en;
			hasScannedForEncodings = 0;
			knownRegions = (
				en,
				Base,
			);
			mainGroup = 042732BE2430AB2600896EFF;
			productRefGroup = 042732C82430AB2600896EFF /* Products */;
			projectDirPath = "";
			projectRoot = "";
			targets = (
				042732C62430AB2600896EFF /* stackoverflowOnMinimals */,
			);
		};
/* End PBXProject section */

/* Begin PBXResourcesBuildPhase section */
		042732C52430AB2600896EFF /* Resources */ = {
			isa = PBXResourcesBuildPhase;
			buildActionMask = 2147483647;
			files = (
				042732D72430AB2900896EFF /* LaunchScreen.storyboard in Resources */,
				042732E32430ABDE00896EFF /* TableViewCell.xib in Resources */,
				042732D42430AB2900896EFF /* Assets.xcassets in Resources */,
				042732F32431E0D100896EFF /* ATableViewCell.xib in Resources */,
				042732D22430AB2700896EFF /* Main.storyboard in Resources */,
			);
			runOnlyForDeploymentPostprocessing = 0;
		};
/* End PBXResourcesBuildPhase section */

/* Begin PBXSourcesBuildPhase section */
		042732C32430AB2600896EFF /* Sources */ = {
			isa = PBXSourcesBuildPhase;
			buildActionMask = 2147483647;
			files = (
				042732CB2430AB2700896EFF /* AppDelegate.swift in Sources */,
				042732E22430ABDE00896EFF /* TableViewCell.swift in Sources */,
				042732F22431E0D100896EFF /* ATableViewCell.swift in Sources */,
				04100686243E09EE006898DF /* QuestionData.swift in Sources */,
				042732DF2430ABA800896EFF /* AnsweredTableViewController.swift in Sources */,
				042732ED2431339600896EFF /* AskViewController.swift in Sources */,
				042732F52431E8A900896EFF /* UTableViewController.swift in Sources */,
				042732E72430B20300896EFF /* QuestionModel.swift in Sources */,
				042732F72431F0D800896EFF /* AnswerViewController.swift in Sources */,
				042732E52430B13000896EFF /* QuestionManager.swift in Sources */,
				042732CD2430AB2700896EFF /* SceneDelegate.swift in Sources */,
			);
			runOnlyForDeploymentPostprocessing = 0;
		};
/* End PBXSourcesBuildPhase section */

/* Begin PBXVariantGroup section */
		042732D02430AB2700896EFF /* Main.storyboard */ = {
			isa = PBXVariantGroup;
			children = (
				042732D12430AB2700896EFF /* Base */,
			);
			name = Main.storyboard;
			sourceTree = "<group>";
		};
		042732D52430AB2900896EFF /* LaunchScreen.storyboard */ = {
			isa = PBXVariantGroup;
			children = (
				042732D62430AB2900896EFF /* Base */,
			);
			name = LaunchScreen.storyboard;
			sourceTree = "<group>";
		};
/* End PBXVariantGroup section */

/* Begin XCBuildConfiguration section */
		042732D92430AB2900896EFF /* Debug */ = {
			isa = XCBuildConfiguration;
			buildSettings = {
				ALWAYS_SEARCH_USER_PATHS = NO;
				CLANG_ANALYZER_NONNULL = YES;
				CLANG_ANALYZER_NUMBER_OBJECT_CONVERSION = YES_AGGRESSIVE;
				CLANG_CXX_LANGUAGE_STANDARD = "gnu++14";
				CLANG_CXX_LIBRARY = "libc++";
				CLANG_ENABLE_MODULES = YES;
				CLANG_ENABLE_OBJC_ARC = YES;
				CLANG_ENABLE_OBJC_WEAK = YES;
				CLANG_WARN_BLOCK_CAPTURE_AUTORELEASING = YES;
				CLANG_WARN_BOOL_CONVERSION = YES;
				CLANG_WARN_COMMA = YES;
				CLANG_WARN_CONSTANT_CONVERSION = YES;
				CLANG_WARN_DEPRECATED_OBJC_IMPLEMENTATIONS = YES;
				CLANG_WARN_DIRECT_OBJC_ISA_USAGE = YES_ERROR;
				CLANG_WARN_DOCUMENTATION_COMMENTS = YES;
				CLANG_WARN_EMPTY_BODY = YES;
				CLANG_WARN_ENUM_CONVERSION = YES;
				CLANG_WARN_INFINITE_RECURSION = YES;
				CLANG_WARN_INT_CONVERSION = YES;
				CLANG_WARN_NON_LITERAL_NULL_CONVERSION = YES;
				CLANG_WARN_OBJC_IMPLICIT_RETAIN_SELF = YES;
				CLANG_WARN_OBJC_LITERAL_CONVERSION = YES;
				CLANG_WARN_OBJC_ROOT_CLASS = YES_ERROR;
				CLANG_WARN_RANGE_LOOP_ANALYSIS = YES;
				CLANG_WARN_STRICT_PROTOTYPES = YES;
				CLANG_WARN_SUSPICIOUS_MOVE = YES;
				CLANG_WARN_UNGUARDED_AVAILABILITY = YES_AGGRESSIVE;
				CLANG_WARN_UNREACHABLE_CODE = YES;
				CLANG_WARN__DUPLICATE_METHOD_MATCH = YES;
				COPY_PHASE_STRIP = NO;
				DEBUG_INFORMATION_FORMAT = dwarf;
				ENABLE_STRICT_OBJC_MSGSEND = YES;
				ENABLE_TESTABILITY = YES;
				GCC_C_LANGUAGE_STANDARD = gnu11;
				GCC_DYNAMIC_NO_PIC = NO;
				GCC_NO_COMMON_BLOCKS = YES;
				GCC_OPTIMIZATION_LEVEL = 0;
				GCC_PREPROCESSOR_DEFINITIONS = (
					"DEBUG=1",
					"$(inherited)",
				);
				GCC_WARN_64_TO_32_BIT_CONVERSION = YES;
				GCC_WARN_ABOUT_RETURN_TYPE = YES_ERROR;
				GCC_WARN_UNDECLARED_SELECTOR = YES;
				GCC_WARN_UNINITIALIZED_AUTOS = YES_AGGRESSIVE;
				GCC_WARN_UNUSED_FUNCTION = YES;
				GCC_WARN_UNUSED_VARIABLE = YES;
				IPHONEOS_DEPLOYMENT_TARGET = 13.2;
				MTL_ENABLE_DEBUG_INFO = INCLUDE_SOURCE;
				MTL_FAST_MATH = YES;
				ONLY_ACTIVE_ARCH = YES;
				SDKROOT = iphoneos;
				SWIFT_ACTIVE_COMPILATION_CONDITIONS = DEBUG;
				SWIFT_OPTIMIZATION_LEVEL = "-Onone";
			};
			name = Debug;
		};
		042732DA2430AB2900896EFF /* Release */ = {
			isa = XCBuildConfiguration;
			buildSettings = {
				ALWAYS_SEARCH_USER_PATHS = NO;
				CLANG_ANALYZER_NONNULL = YES;
				CLANG_ANALYZER_NUMBER_OBJECT_CONVERSION = YES_AGGRESSIVE;
				CLANG_CXX_LANGUAGE_STANDARD = "gnu++14";
				CLANG_CXX_LIBRARY = "libc++";
				CLANG_ENABLE_MODULES = YES;
				CLANG_ENABLE_OBJC_ARC = YES;
				CLANG_ENABLE_OBJC_WEAK = YES;
				CLANG_WARN_BLOCK_CAPTURE_AUTORELEASING = YES;
				CLANG_WARN_BOOL_CONVERSION = YES;
				CLANG_WARN_COMMA = YES;
				CLANG_WARN_CONSTANT_CONVERSION = YES;
				CLANG_WARN_DEPRECATED_OBJC_IMPLEMENTATIONS = YES;
				CLANG_WARN_DIRECT_OBJC_ISA_USAGE = YES_ERROR;
				CLANG_WARN_DOCUMENTATION_COMMENTS = YES;
				CLANG_WARN_EMPTY_BODY = YES;
				CLANG_WARN_ENUM_CONVERSION = YES;
				CLANG_WARN_INFINITE_RECURSION = YES;
				CLANG_WARN_INT_CONVERSION = YES;
				CLANG_WARN_NON_LITERAL_NULL_CONVERSION = YES;
				CLANG_WARN_OBJC_IMPLICIT_RETAIN_SELF = YES;
				CLANG_WARN_OBJC_LITERAL_CONVERSION = YES;
				CLANG_WARN_OBJC_ROOT_CLASS = YES_ERROR;
				CLANG_WARN_RANGE_LOOP_ANALYSIS = YES;
				CLANG_WARN_STRICT_PROTOTYPES = YES;
				CLANG_WARN_SUSPICIOUS_MOVE = YES;
				CLANG_WARN_UNGUARDED_AVAILABILITY = YES_AGGRESSIVE;
				CLANG_WARN_UNREACHABLE_CODE = YES;
				CLANG_WARN__DUPLICATE_METHOD_MATCH = YES;
				COPY_PHASE_STRIP = NO;
				DEBUG_INFORMATION_FORMAT = "dwarf-with-dsym";
				ENABLE_NS_ASSERTIONS = NO;
				ENABLE_STRICT_OBJC_MSGSEND = YES;
				GCC_C_LANGUAGE_STANDARD = gnu11;
				GCC_NO_COMMON_BLOCKS = YES;
				GCC_WARN_64_TO_32_BIT_CONVERSION = YES;
				GCC_WARN_ABOUT_RETURN_TYPE = YES_ERROR;
				GCC_WARN_UNDECLARED_SELECTOR = YES;
				GCC_WARN_UNINITIALIZED_AUTOS = YES_AGGRESSIVE;
				GCC_WARN_UNUSED_FUNCTION = YES;
				GCC_WARN_UNUSED_VARIABLE = YES;
				IPHONEOS_DEPLOYMENT_TARGET = 13.2;
				MTL_ENABLE_DEBUG_INFO = NO;
				MTL_FAST_MATH = YES;
				SDKROOT = iphoneos;
				SWIFT_COMPILATION_MODE = wholemodule;
				SWIFT_OPTIMIZATION_LEVEL = "-O";
				VALIDATE_PRODUCT = YES;
			};
			name = Release;
		};
		042732DC2430AB2900896EFF /* Debug */ = {
			isa = XCBuildConfiguration;
			buildSettings = {
				ASSETCATALOG_COMPILER_APPICON_NAME = AppIcon;
				CODE_SIGN_STYLE = Automatic;
				DEVELOPMENT_TEAM = NHC644CF8X;
				INFOPLIST_FILE = stackoverflowOnMinimals/Info.plist;
				IPHONEOS_DEPLOYMENT_TARGET = 13.0;
				LD_RUNPATH_SEARCH_PATHS = (
					"$(inherited)",
					"@executable_path/Frameworks",
				);
				PRODUCT_BUNDLE_IDENTIFIER = com.vladimirdrozdin.stackoverflowOnMinimals;
				PRODUCT_NAME = "$(TARGET_NAME)";
				SWIFT_VERSION = 5.0;
				TARGETED_DEVICE_FAMILY = "1,2";
			};
			name = Debug;
		};
		042732DD2430AB2900896EFF /* Release */ = {
			isa = XCBuildConfiguration;
			buildSettings = {
				ASSETCATALOG_COMPILER_APPICON_NAME = AppIcon;
				CODE_SIGN_STYLE = Automatic;
				DEVELOPMENT_TEAM = NHC644CF8X;
				INFOPLIST_FILE = stackoverflowOnMinimals/Info.plist;
				IPHONEOS_DEPLOYMENT_TARGET = 13.0;
				LD_RUNPATH_SEARCH_PATHS = (
					"$(inherited)",
					"@executable_path/Frameworks",
				);
				PRODUCT_BUNDLE_IDENTIFIER = com.vladimirdrozdin.stackoverflowOnMinimals;
				PRODUCT_NAME = "$(TARGET_NAME)";
				SWIFT_VERSION = 5.0;
				TARGETED_DEVICE_FAMILY = "1,2";
			};
			name = Release;
		};
/* End XCBuildConfiguration section */

/* Begin XCConfigurationList section */
		042732C22430AB2600896EFF /* Build configuration list for PBXProject "stackoverflowOnMinimals" */ = {
			isa = XCConfigurationList;
			buildConfigurations = (
				042732D92430AB2900896EFF /* Debug */,
				042732DA2430AB2900896EFF /* Release */,
			);
			defaultConfigurationIsVisible = 0;
			defaultConfigurationName = Release;
		};
		042732DB2430AB2900896EFF /* Build configuration list for PBXNativeTarget "stackoverflowOnMinimals" */ = {
			isa = XCConfigurationList;
			buildConfigurations = (
				042732DC2430AB2900896EFF /* Debug */,
				042732DD2430AB2900896EFF /* Release */,
			);
			defaultConfigurationIsVisible = 0;
			defaultConfigurationName = Release;
		};
/* End XCConfigurationList section */
	};
	rootObject = 042732BF2430AB2600896EFF /* Project object */;
}
